
Microsoft Visual Studio Solution File, Format Version 12.00
# Visual Studio Version 17
VisualStudioVersion = 17.4.33213.308
MinimumVisualStudioVersion = 10.0.40219.1
Project("{FAE04EC0-301F-11D3-BF4B-00C04F79EFBC}") = "csv1", "csv1\csv1.csproj", "{7D77A337-22EC-4A78-9DB5-30AFD7D46D77}"
EndProject
Global
	GlobalSection(SolutionConfigurationPlatforms) = preSolution
		Debug|Any CPU = Debug|Any CPU
		Release|Any CPU = Release|Any CPU
	EndGlobalSection
	GlobalSection(ProjectConfigurationPlatforms) = postSolution
		{7D77A337-22EC-4A78-9DB5-30AFD7D46D77}.Debug|Any CPU.ActiveCfg = Debug|Any CPU
		{7D77A337-22EC-4A78-9DB5-30AFD7D46D77}.Debug|Any CPU.Build.0 = Debug|Any CPU
		{7D77A337-22EC-4A78-9DB5-30AFD7D46D77}.Release|Any CPU.ActiveCfg = Release|Any CPU
		{7D77A337-22EC-4A78-9DB5-30AFD7D46D77}.Release|Any CPU.Build.0 = Release|Any CPU
	EndGlobalSection
	GlobalSection(SolutionProperties) = preSolution
		HideSolutionNode = FALSE
	EndGlobalSection
	GlobalSection(ExtensibilityGlobals) = postSolution
		SolutionGuid = {DA2BA765-8938-4E57-9DF5-EE5984950FBE}
	EndGlobalSection
EndGlobal
